
Microsoft Visual Studio Solution File, Format Version 12.00
# Visual Studio Version 17
VisualStudioVersion = 17.9.34607.119
MinimumVisualStudioVersion = 10.0.40219.1
Project("{FAE04EC0-301F-11D3-BF4B-00C04F79EFBC}") = "Work1_1", "Work1_1\Work1_1.csproj", "{98EF38EB-7E0A-47AE-B056-885E30410651}"
EndProject
Global
	GlobalSection(SolutionConfigurationPlatforms) = preSolution
		Debug|Any CPU = Debug|Any CPU
		Release|Any CPU = Release|Any CPU
	EndGlobalSection
	GlobalSection(ProjectConfigurationPlatforms) = postSolution
		{98EF38EB-7E0A-47AE-B056-885E30410651}.Debug|Any CPU.ActiveCfg = Debug|Any CPU
		{98EF38EB-7E0A-47AE-B056-885E30410651}.Debug|Any CPU.Build.0 = Debug|Any CPU
		{98EF38EB-7E0A-47AE-B056-885E30410651}.Release|Any CPU.ActiveCfg = Release|Any CPU
		{98EF38EB-7E0A-47AE-B056-885E30410651}.Release|Any CPU.Build.0 = Release|Any CPU
	EndGlobalSection
	GlobalSection(SolutionProperties) = preSolution
		HideSolutionNode = FALSE
	EndGlobalSection
	GlobalSection(ExtensibilityGlobals) = postSolution
		SolutionGuid = {CF81E870-B9D1-4B41-9236-4AEDE3400CB9}
	EndGlobalSection
EndGlobal
