
Microsoft Visual Studio Solution File, Format Version 12.00
# Visual Studio Version 17
VisualStudioVersion = 17.9.34607.119
MinimumVisualStudioVersion = 10.0.40219.1
Project("{FAE04EC0-301F-11D3-BF4B-00C04F79EFBC}") = "Work4_2", "Work4_2\Work4_2.csproj", "{0AA982DC-74D9-4E2A-8234-86122727F8A7}"
EndProject
Project("{FAE04EC0-301F-11D3-BF4B-00C04F79EFBC}") = "Work4_1", "Work4_1\Work4_1.csproj", "{64F02C89-A25F-42EC-8719-9B0B00140919}"
EndProject
Global
	GlobalSection(SolutionConfigurationPlatforms) = preSolution
		Debug|Any CPU = Debug|Any CPU
		Release|Any CPU = Release|Any CPU
	EndGlobalSection
	GlobalSection(ProjectConfigurationPlatforms) = postSolution
		{0AA982DC-74D9-4E2A-8234-86122727F8A7}.Debug|Any CPU.ActiveCfg = Debug|Any CPU
		{0AA982DC-74D9-4E2A-8234-86122727F8A7}.Debug|Any CPU.Build.0 = Debug|Any CPU
		{0AA982DC-74D9-4E2A-8234-86122727F8A7}.Release|Any CPU.ActiveCfg = Release|Any CPU
		{0AA982DC-74D9-4E2A-8234-86122727F8A7}.Release|Any CPU.Build.0 = Release|Any CPU
		{64F02C89-A25F-42EC-8719-9B0B00140919}.Debug|Any CPU.ActiveCfg = Debug|Any CPU
		{64F02C89-A25F-42EC-8719-9B0B00140919}.Debug|Any CPU.Build.0 = Debug|Any CPU
		{64F02C89-A25F-42EC-8719-9B0B00140919}.Release|Any CPU.ActiveCfg = Release|Any CPU
		{64F02C89-A25F-42EC-8719-9B0B00140919}.Release|Any CPU.Build.0 = Release|Any CPU
	EndGlobalSection
	GlobalSection(SolutionProperties) = preSolution
		HideSolutionNode = FALSE
	EndGlobalSection
	GlobalSection(ExtensibilityGlobals) = postSolution
		SolutionGuid = {53199058-715C-4052-BEF1-D7E03B8C7817}
	EndGlobalSection
EndGlobal
